// !$*UTF8*$!
{
	archiveVersion = 1;
	classes = {
	};
	objectVersion = 46;
	objects = {

/* Begin PBXBuildFile section */
		4CC422971D03DF7E00F1AFF8 /* main.m in Sources */ = {isa = PBXBuildFile; fileRef = 4CC422961D03DF7E00F1AFF8 /* main.m */; };
		4CC4229A1D03DF7E00F1AFF8 /* AppDelegate.m in Sources */ = {isa = PBXBuildFile; fileRef = 4CC422991D03DF7E00F1AFF8 /* AppDelegate.m */; };
		4CC4229D1D03DF7E00F1AFF8 /* ViewController.m in Sources */ = {isa = PBXBuildFile; fileRef = 4CC4229C1D03DF7E00F1AFF8 /* ViewController.m */; };
		4CC422A01D03DF7E00F1AFF8 /* Main.storyboard in Resources */ = {isa = PBXBuildFile; fileRef = 4CC4229E1D03DF7E00F1AFF8 /* Main.storyboard */; };
		4CC422A21D03DF7E00F1AFF8 /* Assets.xcassets in Resources */ = {isa = PBXBuildFile; fileRef = 4CC422A11D03DF7E00F1AFF8 /* Assets.xcassets */; };
		4CC422A51D03DF7E00F1AFF8 /* LaunchScreen.storyboard in Resources */ = {isa = PBXBuildFile; fileRef = 4CC422A31D03DF7E00F1AFF8 /* LaunchScreen.storyboard */; };
		4CC422B01D03DF7E00F1AFF8 /* LeConverterTests.m in Sources */ = {isa = PBXBuildFile; fileRef = 4CC422AF1D03DF7E00F1AFF8 /* LeConverterTests.m */; };
		4CC422BB1D03DF7E00F1AFF8 /* LeConverterUITests.m in Sources */ = {isa = PBXBuildFile; fileRef = 4CC422BA1D03DF7E00F1AFF8 /* LeConverterUITests.m */; };
		4CC422C91D03DFB400F1AFF8 /* Any DVD Converter.png in Resources */ = {isa = PBXBuildFile; fileRef = 4CC422C81D03DFB400F1AFF8 /* Any DVD Converter.png */; };
		4CC422CB1D03DFBD00F1AFF8 /* splash_img.png in Resources */ = {isa = PBXBuildFile; fileRef = 4CC422CA1D03DFBD00F1AFF8 /* splash_img.png */; };
		4E0D11BA1D0B5EAB0021F93A /* brain.m in Sources */ = {isa = PBXBuildFile; fileRef = 4E0D11B91D0B5EAB0021F93A /* brain.m */; };
/* End PBXBuildFile section */

/* Begin PBXContainerItemProxy section */
		4CC422AC1D03DF7E00F1AFF8 /* PBXContainerItemProxy */ = {
			isa = PBXContainerItemProxy;
			containerPortal = 4CC4228A1D03DF7E00F1AFF8 /* Project object */;
			proxyType = 1;
			remoteGlobalIDString = 4CC422911D03DF7E00F1AFF8;
			remoteInfo = LeConverter;
		};
		4CC422B71D03DF7E00F1AFF8 /* PBXContainerItemProxy */ = {
			isa = PBXContainerItemProxy;
			containerPortal = 4CC4228A1D03DF7E00F1AFF8 /* Project object */;
			proxyType = 1;
			remoteGlobalIDString = 4CC422911D03DF7E00F1AFF8;
			remoteInfo = LeConverter;
		};
/* End PBXContainerItemProxy section */

/* Begin PBXFileReference section */
		4CC422921D03DF7E00F1AFF8 /* LeConverter.app */ = {isa = PBXFileReference; explicitFileType = wrapper.application; includeInIndex = 0; path = LeConverter.app; sourceTree = BUILT_PRODUCTS_DIR; };
		4CC422961D03DF7E00F1AFF8 /* main.m */ = {isa = PBXFileReference; lastKnownFileType = sourcecode.c.objc; path = main.m; sourceTree = "<group>"; };
		4CC422981D03DF7E00F1AFF8 /* AppDelegate.h */ = {isa = PBXFileReference; lastKnownFileType = sourcecode.c.h; path = AppDelegate.h; sourceTree = "<group>"; };
		4CC422991D03DF7E00F1AFF8 /* AppDelegate.m */ = {isa = PBXFileReference; lastKnownFileType = sourcecode.c.objc; path = AppDelegate.m; sourceTree = "<group>"; };
		4CC4229B1D03DF7E00F1AFF8 /* ViewController.h */ = {isa = PBXFileReference; lastKnownFileType = sourcecode.c.h; path = ViewController.h; sourceTree = "<group>"; };
		4CC4229C1D03DF7E00F1AFF8 /* ViewController.m */ = {isa = PBXFileReference; lastKnownFileType = sourcecode.c.objc; path = ViewController.m; sourceTree = "<group>"; };
		4CC4229F1D03DF7E00F1AFF8 /* Base */ = {isa = PBXFileReference; lastKnownFileType = file.storyboard; name = Base; path = Base.lproj/Main.storyboard; sourceTree = "<group>"; };
		4CC422A11D03DF7E00F1AFF8 /* Assets.xcassets */ = {isa = PBXFileReference; lastKnownFileType = folder.assetcatalog; path = Assets.xcassets; sourceTree = "<group>"; };
		4CC422A41D03DF7E00F1AFF8 /* Base */ = {isa = PBXFileReference; lastKnownFileType = file.storyboard; name = Base; path = Base.lproj/LaunchScreen.storyboard; sourceTree = "<group>"; };
		4CC422A61D03DF7E00F1AFF8 /* Info.plist */ = {isa = PBXFileReference; lastKnownFileType = text.plist.xml; path = Info.plist; sourceTree = "<group>"; };
		4CC422AB1D03DF7E00F1AFF8 /* LeConverterTests.xctest */ = {isa = PBXFileReference; explicitFileType = wrapper.cfbundle; includeInIndex = 0; path = LeConverterTests.xctest; sourceTree = BUILT_PRODUCTS_DIR; };
		4CC422AF1D03DF7E00F1AFF8 /* LeConverterTests.m */ = {isa = PBXFileReference; lastKnownFileType = sourcecode.c.objc; path = LeConverterTests.m; sourceTree = "<group>"; };
		4CC422B11D03DF7E00F1AFF8 /* Info.plist */ = {isa = PBXFileReference; lastKnownFileType = text.plist.xml; path = Info.plist; sourceTree = "<group>"; };
		4CC422B61D03DF7E00F1AFF8 /* LeConverterUITests.xctest */ = {isa = PBXFileReference; explicitFileType = wrapper.cfbundle; includeInIndex = 0; path = LeConverterUITests.xctest; sourceTree = BUILT_PRODUCTS_DIR; };
		4CC422BA1D03DF7E00F1AFF8 /* LeConverterUITests.m */ = {isa = PBXFileReference; lastKnownFileType = sourcecode.c.objc; path = LeConverterUITests.m; sourceTree = "<group>"; };
		4CC422BC1D03DF7E00F1AFF8 /* Info.plist */ = {isa = PBXFileReference; lastKnownFileType = text.plist.xml; path = Info.plist; sourceTree = "<group>"; };
		4CC422C81D03DFB400F1AFF8 /* Any DVD Converter.png */ = {isa = PBXFileReference; lastKnownFileType = image.png; name = "Any DVD Converter.png"; path = "images/Any DVD Converter.png"; sourceTree = "<group>"; };
		4CC422CA1D03DFBD00F1AFF8 /* splash_img.png */ = {isa = PBXFileReference; lastKnownFileType = image.png; name = splash_img.png; path = images/splash_img.png; sourceTree = "<group>"; };
		4E0D11B81D0B5EAB0021F93A /* brain.h */ = {isa = PBXFileReference; fileEncoding = 4; lastKnownFileType = sourcecode.c.h; name = brain.h; path = ../brain.h; sourceTree = "<group>"; };
		4E0D11B91D0B5EAB0021F93A /* brain.m */ = {isa = PBXFileReference; fileEncoding = 4; lastKnownFileType = sourcecode.c.objc; name = brain.m; path = ../brain.m; sourceTree = "<group>"; };
/* End PBXFileReference section */

/* Begin PBXFrameworksBuildPhase section */
		4CC4228F1D03DF7E00F1AFF8 /* Frameworks */ = {
			isa = PBXFrameworksBuildPhase;
			buildActionMask = 2147483647;
			files = (
			);
			runOnlyForDeploymentPostprocessing = 0;
		};
		4CC422A81D03DF7E00F1AFF8 /* Frameworks */ = {
			isa = PBXFrameworksBuildPhase;
			buildActionMask = 2147483647;
			files = (
			);
			runOnlyForDeploymentPostprocessing = 0;
		};
		4CC422B31D03DF7E00F1AFF8 /* Frameworks */ = {
			isa = PBXFrameworksBuildPhase;
			buildActionMask = 2147483647;
			files = (
			);
			runOnlyForDeploymentPostprocessing = 0;
		};
/* End PBXFrameworksBuildPhase section */

/* Begin PBXGroup section */
		4CC422891D03DF7E00F1AFF8 = {
			isa = PBXGroup;
			children = (
				4CC422CA1D03DFBD00F1AFF8 /* splash_img.png */,
				4CC422C81D03DFB400F1AFF8 /* Any DVD Converter.png */,
				4CC422941D03DF7E00F1AFF8 /* LeConverter */,
				4CC422AE1D03DF7E00F1AFF8 /* LeConverterTests */,
				4CC422B91D03DF7E00F1AFF8 /* LeConverterUITests */,
				4CC422931D03DF7E00F1AFF8 /* Products */,
			);
			sourceTree = "<group>";
		};
		4CC422931D03DF7E00F1AFF8 /* Products */ = {
			isa = PBXGroup;
			children = (
				4CC422921D03DF7E00F1AFF8 /* LeConverter.app */,
				4CC422AB1D03DF7E00F1AFF8 /* LeConverterTests.xctest */,
				4CC422B61D03DF7E00F1AFF8 /* LeConverterUITests.xctest */,
			);
			name = Products;
			sourceTree = "<group>";
		};
		4CC422941D03DF7E00F1AFF8 /* LeConverter */ = {
			isa = PBXGroup;
			children = (
				4CC422981D03DF7E00F1AFF8 /* AppDelegate.h */,
				4CC422991D03DF7E00F1AFF8 /* AppDelegate.m */,
				4CC4229B1D03DF7E00F1AFF8 /* ViewController.h */,
				4CC4229C1D03DF7E00F1AFF8 /* ViewController.m */,
				4CC4229E1D03DF7E00F1AFF8 /* Main.storyboard */,
				4CC422A11D03DF7E00F1AFF8 /* Assets.xcassets */,
				4CC422A31D03DF7E00F1AFF8 /* LaunchScreen.storyboard */,
				4CC422A61D03DF7E00F1AFF8 /* Info.plist */,
				4E0D11B81D0B5EAB0021F93A /* brain.h */,
				4E0D11B91D0B5EAB0021F93A /* brain.m */,
				4CC422951D03DF7E00F1AFF8 /* Supporting Files */,
			);
			path = LeConverter;
			sourceTree = "<group>";
		};
		4CC422951D03DF7E00F1AFF8 /* Supporting Files */ = {
			isa = PBXGroup;
			children = (
				4CC422961D03DF7E00F1AFF8 /* main.m */,
			);
			name = "Supporting Files";
			sourceTree = "<group>";
		};
		4CC422AE1D03DF7E00F1AFF8 /* LeConverterTests */ = {
			isa = PBXGroup;
			children = (
				4CC422AF1D03DF7E00F1AFF8 /* LeConverterTests.m */,
				4CC422B11D03DF7E00F1AFF8 /* Info.plist */,
			);
			path = LeConverterTests;
			sourceTree = "<group>";
		};
		4CC422B91D03DF7E00F1AFF8 /* LeConverterUITests */ = {
			isa = PBXGroup;
			children = (
				4CC422BA1D03DF7E00F1AFF8 /* LeConverterUITests.m */,
				4CC422BC1D03DF7E00F1AFF8 /* Info.plist */,
			);
			path = LeConverterUITests;
			sourceTree = "<group>";
		};
/* End PBXGroup section */

/* Begin PBXNativeTarget section */
		4CC422911D03DF7E00F1AFF8 /* LeConverter */ = {
			isa = PBXNativeTarget;
			buildConfigurationList = 4CC422BF1D03DF7E00F1AFF8 /* Build configuration list for PBXNativeTarget "LeConverter" */;
			buildPhases = (
				4CC4228E1D03DF7E00F1AFF8 /* Sources */,
				4CC4228F1D03DF7E00F1AFF8 /* Frameworks */,
				4CC422901D03DF7E00F1AFF8 /* Resources */,
			);
			buildRules = (
			);
			dependencies = (
			);
			name = LeConverter;
			productName = LeConverter;
			productReference = 4CC422921D03DF7E00F1AFF8 /* LeConverter.app */;
			productType = "com.apple.product-type.application";
		};
		4CC422AA1D03DF7E00F1AFF8 /* LeConverterTests */ = {
			isa = PBXNativeTarget;
			buildConfigurationList = 4CC422C21D03DF7E00F1AFF8 /* Build configuration list for PBXNativeTarget "LeConverterTests" */;
			buildPhases = (
				4CC422A71D03DF7E00F1AFF8 /* Sources */,
				4CC422A81D03DF7E00F1AFF8 /* Frameworks */,
				4CC422A91D03DF7E00F1AFF8 /* Resources */,
			);
			buildRules = (
			);
			dependencies = (
				4CC422AD1D03DF7E00F1AFF8 /* PBXTargetDependency */,
			);
			name = LeConverterTests;
			productName = LeConverterTests;
			productReference = 4CC422AB1D03DF7E00F1AFF8 /* LeConverterTests.xctest */;
			productType = "com.apple.product-type.bundle.unit-test";
		};
		4CC422B51D03DF7E00F1AFF8 /* LeConverterUITests */ = {
			isa = PBXNativeTarget;
			buildConfigurationList = 4CC422C51D03DF7E00F1AFF8 /* Build configuration list for PBXNativeTarget "LeConverterUITests" */;
			buildPhases = (
				4CC422B21D03DF7E00F1AFF8 /* Sources */,
				4CC422B31D03DF7E00F1AFF8 /* Frameworks */,
				4CC422B41D03DF7E00F1AFF8 /* Resources */,
			);
			buildRules = (
			);
			dependencies = (
				4CC422B81D03DF7E00F1AFF8 /* PBXTargetDependency */,
			);
			name = LeConverterUITests;
			productName = LeConverterUITests;
			productReference = 4CC422B61D03DF7E00F1AFF8 /* LeConverterUITests.xctest */;
			productType = "com.apple.product-type.bundle.ui-testing";
		};
/* End PBXNativeTarget section */

/* Begin PBXProject section */
		4CC4228A1D03DF7E00F1AFF8 /* Project object */ = {
			isa = PBXProject;
			attributes = {
				LastUpgradeCheck = 0720;
				ORGANIZATIONNAME = epita;
				TargetAttributes = {
					4CC422911D03DF7E00F1AFF8 = {
						CreatedOnToolsVersion = 7.2.1;
					};
					4CC422AA1D03DF7E00F1AFF8 = {
						CreatedOnToolsVersion = 7.2.1;
						TestTargetID = 4CC422911D03DF7E00F1AFF8;
					};
					4CC422B51D03DF7E00F1AFF8 = {
						CreatedOnToolsVersion = 7.2.1;
						TestTargetID = 4CC422911D03DF7E00F1AFF8;
					};
				};
			};
			buildConfigurationList = 4CC4228D1D03DF7E00F1AFF8 /* Build configuration list for PBXProject "LeConverter" */;
			compatibilityVersion = "Xcode 3.2";
			developmentRegion = English;
			hasScannedForEncodings = 0;
			knownRegions = (
				en,
				Base,
			);
			mainGroup = 4CC422891D03DF7E00F1AFF8;
			productRefGroup = 4CC422931D03DF7E00F1AFF8 /* Products */;
			projectDirPath = "";
			projectRoot = "";
			targets = (
				4CC422911D03DF7E00F1AFF8 /* LeConverter */,
				4CC422AA1D03DF7E00F1AFF8 /* LeConverterTests */,
				4CC422B51D03DF7E00F1AFF8 /* LeConverterUITests */,
			);
		};
/* End PBXProject section */

/* Begin PBXResourcesBuildPhase section */
		4CC422901D03DF7E00F1AFF8 /* Resources */ = {
			isa = PBXResourcesBuildPhase;
			buildActionMask = 2147483647;
			files = (
				4CC422A51D03DF7E00F1AFF8 /* LaunchScreen.storyboard in Resources */,
				4CC422CB1D03DFBD00F1AFF8 /* splash_img.png in Resources */,
				4CC422A21D03DF7E00F1AFF8 /* Assets.xcassets in Resources */,
				4CC422C91D03DFB400F1AFF8 /* Any DVD Converter.png in Resources */,
				4CC422A01D03DF7E00F1AFF8 /* Main.storyboard in Resources */,
			);
			runOnlyForDeploymentPostprocessing = 0;
		};
		4CC422A91D03DF7E00F1AFF8 /* Resources */ = {
			isa = PBXResourcesBuildPhase;
			buildActionMask = 2147483647;
			files = (
			);
			runOnlyForDeploymentPostprocessing = 0;
		};
		4CC422B41D03DF7E00F1AFF8 /* Resources */ = {
			isa = PBXResourcesBuildPhase;
			buildActionMask = 2147483647;
			files = (
			);
			runOnlyForDeploymentPostprocessing = 0;
		};
/* End PBXResourcesBuildPhase section */

/* Begin PBXSourcesBuildPhase section */
		4CC4228E1D03DF7E00F1AFF8 /* Sources */ = {
			isa = PBXSourcesBuildPhase;
			buildActionMask = 2147483647;
			files = (
				4CC4229D1D03DF7E00F1AFF8 /* ViewController.m in Sources */,
				4CC4229A1D03DF7E00F1AFF8 /* AppDelegate.m in Sources */,
				4E0D11BA1D0B5EAB0021F93A /* brain.m in Sources */,
				4CC422971D03DF7E00F1AFF8 /* main.m in Sources */,
			);
			runOnlyForDeploymentPostprocessing = 0;
		};
		4CC422A71D03DF7E00F1AFF8 /* Sources */ = {
			isa = PBXSourcesBuildPhase;
			buildActionMask = 2147483647;
			files = (
				4CC422B01D03DF7E00F1AFF8 /* LeConverterTests.m in Sources */,
			);
			runOnlyForDeploymentPostprocessing = 0;
		};
		4CC422B21D03DF7E00F1AFF8 /* Sources */ = {
			isa = PBXSourcesBuildPhase;
			buildActionMask = 2147483647;
			files = (
				4CC422BB1D03DF7E00F1AFF8 /* LeConverterUITests.m in Sources */,
			);
			runOnlyForDeploymentPostprocessing = 0;
		};
/* End PBXSourcesBuildPhase section */

/* Begin PBXTargetDependency section */
		4CC422AD1D03DF7E00F1AFF8 /* PBXTargetDependency */ = {
			isa = PBXTargetDependency;
			target = 4CC422911D03DF7E00F1AFF8 /* LeConverter */;
			targetProxy = 4CC422AC1D03DF7E00F1AFF8 /* PBXContainerItemProxy */;
		};
		4CC422B81D03DF7E00F1AFF8 /* PBXTargetDependency */ = {
			isa = PBXTargetDependency;
			target = 4CC422911D03DF7E00F1AFF8 /* LeConverter */;
			targetProxy = 4CC422B71D03DF7E00F1AFF8 /* PBXContainerItemProxy */;
		};
/* End PBXTargetDependency section */

/* Begin PBXVariantGroup section */
		4CC4229E1D03DF7E00F1AFF8 /* Main.storyboard */ = {
			isa = PBXVariantGroup;
			children = (
				4CC4229F1D03DF7E00F1AFF8 /* Base */,
			);
			name = Main.storyboard;
			sourceTree = "<group>";
		};
		4CC422A31D03DF7E00F1AFF8 /* LaunchScreen.storyboard */ = {
			isa = PBXVariantGroup;
			children = (
				4CC422A41D03DF7E00F1AFF8 /* Base */,
			);
			name = LaunchScreen.storyboard;
			sourceTree = "<group>";
		};
/* End PBXVariantGroup section */

/* Begin XCBuildConfiguration section */
		4CC422BD1D03DF7E00F1AFF8 /* Debug */ = {
			isa = XCBuildConfiguration;
			buildSettings = {
				ALWAYS_SEARCH_USER_PATHS = NO;
				CLANG_CXX_LANGUAGE_STANDARD = "gnu++0x";
				CLANG_CXX_LIBRARY = "libc++";
				CLANG_ENABLE_MODULES = YES;
				CLANG_ENABLE_OBJC_ARC = YES;
				CLANG_WARN_BOOL_CONVERSION = YES;
				CLANG_WARN_CONSTANT_CONVERSION = YES;
				CLANG_WARN_DIRECT_OBJC_ISA_USAGE = YES_ERROR;
				CLANG_WARN_EMPTY_BODY = YES;
				CLANG_WARN_ENUM_CONVERSION = YES;
				CLANG_WARN_INT_CONVERSION = YES;
				CLANG_WARN_OBJC_ROOT_CLASS = YES_ERROR;
				CLANG_WARN_UNREACHABLE_CODE = YES;
				CLANG_WARN__DUPLICATE_METHOD_MATCH = YES;
				"CODE_SIGN_IDENTITY[sdk=iphoneos*]" = "iPhone Developer";
				COPY_PHASE_STRIP = NO;
				DEBUG_INFORMATION_FORMAT = dwarf;
				ENABLE_STRICT_OBJC_MSGSEND = YES;
				ENABLE_TESTABILITY = YES;
				GCC_C_LANGUAGE_STANDARD = gnu99;
				GCC_DYNAMIC_NO_PIC = NO;
				GCC_NO_COMMON_BLOCKS = YES;
				GCC_OPTIMIZATION_LEVEL = 0;
				GCC_PREPROCESSOR_DEFINITIONS = (
					"DEBUG=1",
					"$(inherited)",
				);
				GCC_WARN_64_TO_32_BIT_CONVERSION = YES;
				GCC_WARN_ABOUT_RETURN_TYPE = YES_ERROR;
				GCC_WARN_UNDECLARED_SELECTOR = YES;
				GCC_WARN_UNINITIALIZED_AUTOS = YES_AGGRESSIVE;
				GCC_WARN_UNUSED_FUNCTION = YES;
				GCC_WARN_UNUSED_VARIABLE = YES;
				IPHONEOS_DEPLOYMENT_TARGET = 9.2;
				MTL_ENABLE_DEBUG_INFO = YES;
				ONLY_ACTIVE_ARCH = YES;
				SDKROOT = iphoneos;
			};
			name = Debug;
		};
		4CC422BE1D03DF7E00F1AFF8 /* Release */ = {
			isa = XCBuildConfiguration;
			buildSettings = {
				ALWAYS_SEARCH_USER_PATHS = NO;
				CLANG_CXX_LANGUAGE_STANDARD = "gnu++0x";
				CLANG_CXX_LIBRARY = "libc++";
				CLANG_ENABLE_MODULES = YES;
				CLANG_ENABLE_OBJC_ARC = YES;
				CLANG_WARN_BOOL_CONVERSION = YES;
				CLANG_WARN_CONSTANT_CONVERSION = YES;
				CLANG_WARN_DIRECT_OBJC_ISA_USAGE = YES_ERROR;
				CLANG_WARN_EMPTY_BODY = YES;
				CLANG_WARN_ENUM_CONVERSION = YES;
				CLANG_WARN_INT_CONVERSION = YES;
				CLANG_WARN_OBJC_ROOT_CLASS = YES_ERROR;
				CLANG_WARN_UNREACHABLE_CODE = YES;
				CLANG_WARN__DUPLICATE_METHOD_MATCH = YES;
				"CODE_SIGN_IDENTITY[sdk=iphoneos*]" = "iPhone Developer";
				COPY_PHASE_STRIP = NO;
				DEBUG_INFORMATION_FORMAT = "dwarf-with-dsym";
				ENABLE_NS_ASSERTIONS = NO;
				ENABLE_STRICT_OBJC_MSGSEND = YES;
				GCC_C_LANGUAGE_STANDARD = gnu99;
				GCC_NO_COMMON_BLOCKS = YES;
				GCC_WARN_64_TO_32_BIT_CONVERSION = YES;
				GCC_WARN_ABOUT_RETURN_TYPE = YES_ERROR;
				GCC_WARN_UNDECLARED_SELECTOR = YES;
				GCC_WARN_UNINITIALIZED_AUTOS = YES_AGGRESSIVE;
				GCC_WARN_UNUSED_FUNCTION = YES;
				GCC_WARN_UNUSED_VARIABLE = YES;
				IPHONEOS_DEPLOYMENT_TARGET = 9.2;
				MTL_ENABLE_DEBUG_INFO = NO;
				SDKROOT = iphoneos;
				VALIDATE_PRODUCT = YES;
			};
			name = Release;
		};
		4CC422C01D03DF7E00F1AFF8 /* Debug */ = {
			isa = XCBuildConfiguration;
			buildSettings = {
				ASSETCATALOG_COMPILER_APPICON_NAME = AppIcon;
				INFOPLIST_FILE = LeConverter/Info.plist;
				IPHONEOS_DEPLOYMENT_TARGET = 9.0;
				LD_RUNPATH_SEARCH_PATHS = "$(inherited) @executable_path/Frameworks";
				PRODUCT_BUNDLE_IDENTIFIER = com.epita.LeConverter;
				PRODUCT_NAME = "$(TARGET_NAME)";
				TARGETED_DEVICE_FAMILY = 1;
			};
			name = Debug;
		};
		4CC422C11D03DF7E00F1AFF8 /* Release */ = {
			isa = XCBuildConfiguration;
			buildSettings = {
				ASSETCATALOG_COMPILER_APPICON_NAME = AppIcon;
				INFOPLIST_FILE = LeConverter/Info.plist;
				IPHONEOS_DEPLOYMENT_TARGET = 9.0;
				LD_RUNPATH_SEARCH_PATHS = "$(inherited) @executable_path/Frameworks";
				PRODUCT_BUNDLE_IDENTIFIER = com.epita.LeConverter;
				PRODUCT_NAME = "$(TARGET_NAME)";
				TARGETED_DEVICE_FAMILY = 1;
			};
			name = Release;
		};
		4CC422C31D03DF7E00F1AFF8 /* Debug */ = {
			isa = XCBuildConfiguration;
			buildSettings = {
				BUNDLE_LOADER = "$(TEST_HOST)";
				INFOPLIST_FILE = LeConverterTests/Info.plist;
				IPHONEOS_DEPLOYMENT_TARGET = 9.0;
				LD_RUNPATH_SEARCH_PATHS = "$(inherited) @executable_path/Frameworks @loader_path/Frameworks";
				PRODUCT_BUNDLE_IDENTIFIER = com.epita.LeConverterTests;
				PRODUCT_NAME = "$(TARGET_NAME)";
				TEST_HOST = "$(BUILT_PRODUCTS_DIR)/LeConverter.app/LeConverter";
			};
			name = Debug;
		};
		4CC422C41D03DF7E00F1AFF8 /* Release */ = {
			isa = XCBuildConfiguration;
			buildSettings = {
				BUNDLE_LOADER = "$(TEST_HOST)";
				INFOPLIST_FILE = LeConverterTests/Info.plist;
				IPHONEOS_DEPLOYMENT_TARGET = 9.0;
				LD_RUNPATH_SEARCH_PATHS = "$(inherited) @executable_path/Frameworks @loader_path/Frameworks";
				PRODUCT_BUNDLE_IDENTIFIER = com.epita.LeConverterTests;
				PRODUCT_NAME = "$(TARGET_NAME)";
				TEST_HOST = "$(BUILT_PRODUCTS_DIR)/LeConverter.app/LeConverter";
			};
			name = Release;
		};
		4CC422C61D03DF7E00F1AFF8 /* Debug */ = {
			isa = XCBuildConfiguration;
			buildSettings = {
				INFOPLIST_FILE = LeConverterUITests/Info.plist;
				IPHONEOS_DEPLOYMENT_TARGET = 9.0;
				LD_RUNPATH_SEARCH_PATHS = "$(inherited) @executable_path/Frameworks @loader_path/Frameworks";
				PRODUCT_BUNDLE_IDENTIFIER = com.epita.LeConverterUITests;
				PRODUCT_NAME = "$(TARGET_NAME)";
				TEST_TARGET_NAME = LeConverter;
				USES_XCTRUNNER = YES;
			};
			name = Debug;
		};
		4CC422C71D03DF7E00F1AFF8 /* Release */ = {
			isa = XCBuildConfiguration;
			buildSettings = {
				INFOPLIST_FILE = LeConverterUITests/Info.plist;
				IPHONEOS_DEPLOYMENT_TARGET = 9.0;
				LD_RUNPATH_SEARCH_PATHS = "$(inherited) @executable_path/Frameworks @loader_path/Frameworks";
				PRODUCT_BUNDLE_IDENTIFIER = com.epita.LeConverterUITests;
				PRODUCT_NAME = "$(TARGET_NAME)";
				TEST_TARGET_NAME = LeConverter;
				USES_XCTRUNNER = YES;
			};
			name = Release;
		};
/* End XCBuildConfiguration section */

/* Begin XCConfigurationList section */
		4CC4228D1D03DF7E00F1AFF8 /* Build configuration list for PBXProject "LeConverter" */ = {
			isa = XCConfigurationList;
			buildConfigurations = (
				4CC422BD1D03DF7E00F1AFF8 /* Debug */,
				4CC422BE1D03DF7E00F1AFF8 /* Release */,
			);
			defaultConfigurationIsVisible = 0;
			defaultConfigurationName = Release;
		};
		4CC422BF1D03DF7E00F1AFF8 /* Build configuration list for PBXNativeTarget "LeConverter" */ = {
			isa = XCConfigurationList;
			buildConfigurations = (
				4CC422C01D03DF7E00F1AFF8 /* Debug */,
				4CC422C11D03DF7E00F1AFF8 /* Release */,
			);
			defaultConfigurationIsVisible = 0;
			defaultConfigurationName = Release;
		};
		4CC422C21D03DF7E00F1AFF8 /* Build configuration list for PBXNativeTarget "LeConverterTests" */ = {
			isa = XCConfigurationList;
			buildConfigurations = (
				4CC422C31D03DF7E00F1AFF8 /* Debug */,
				4CC422C41D03DF7E00F1AFF8 /* Release */,
			);
			defaultConfigurationIsVisible = 0;
			defaultConfigurationName = Release;
		};
		4CC422C51D03DF7E00F1AFF8 /* Build configuration list for PBXNativeTarget "LeConverterUITests" */ = {
			isa = XCConfigurationList;
			buildConfigurations = (
				4CC422C61D03DF7E00F1AFF8 /* Debug */,
				4CC422C71D03DF7E00F1AFF8 /* Release */,
			);
			defaultConfigurationIsVisible = 0;
			defaultConfigurationName = Release;
		};
/* End XCConfigurationList section */
	};
	rootObject = 4CC4228A1D03DF7E00F1AFF8 /* Project object */;
}
